
Microsoft Visual Studio Solution File, Format Version 12.00
# Visual Studio Version 17
VisualStudioVersion = 17.8.34525.116
MinimumVisualStudioVersion = 10.0.40219.1
Project("{FAE04EC0-301F-11D3-BF4B-00C04F79EFBC}") = "TiposRegistroYEstructura", "TiposRegistroYEstructura\TiposRegistroYEstructura.csproj", "{47CA4A43-5ACC-4C74-A3E0-0193A27C5618}"
EndProject
Global
	GlobalSection(SolutionConfigurationPlatforms) = preSolution
		Debug|Any CPU = Debug|Any CPU
		Release|Any CPU = Release|Any CPU
	EndGlobalSection
	GlobalSection(ProjectConfigurationPlatforms) = postSolution
		{47CA4A43-5ACC-4C74-A3E0-0193A27C5618}.Debug|Any CPU.ActiveCfg = Debug|Any CPU
		{47CA4A43-5ACC-4C74-A3E0-0193A27C5618}.Debug|Any CPU.Build.0 = Debug|Any CPU
		{47CA4A43-5ACC-4C74-A3E0-0193A27C5618}.Release|Any CPU.ActiveCfg = Release|Any CPU
		{47CA4A43-5ACC-4C74-A3E0-0193A27C5618}.Release|Any CPU.Build.0 = Release|Any CPU
	EndGlobalSection
	GlobalSection(SolutionProperties) = preSolution
		HideSolutionNode = FALSE
	EndGlobalSection
	GlobalSection(ExtensibilityGlobals) = postSolution
		SolutionGuid = {4FFC2130-6E25-45B3-97BE-D678DC18D621}
	EndGlobalSection
EndGlobal
