
Microsoft Visual Studio Solution File, Format Version 12.00
# Visual Studio Version 17
VisualStudioVersion = 17.8.34525.116
MinimumVisualStudioVersion = 10.0.40219.1
Project("{FAE04EC0-301F-11D3-BF4B-00C04F79EFBC}") = "ObjetosSuperHeroes", "ObjetosSuperHeroes\ObjetosSuperHeroes.csproj", "{C3613C1B-9190-4E08-A891-C4ACE6332855}"
EndProject
Global
	GlobalSection(SolutionConfigurationPlatforms) = preSolution
		Debug|Any CPU = Debug|Any CPU
		Release|Any CPU = Release|Any CPU
	EndGlobalSection
	GlobalSection(ProjectConfigurationPlatforms) = postSolution
		{C3613C1B-9190-4E08-A891-C4ACE6332855}.Debug|Any CPU.ActiveCfg = Debug|Any CPU
		{C3613C1B-9190-4E08-A891-C4ACE6332855}.Debug|Any CPU.Build.0 = Debug|Any CPU
		{C3613C1B-9190-4E08-A891-C4ACE6332855}.Release|Any CPU.ActiveCfg = Release|Any CPU
		{C3613C1B-9190-4E08-A891-C4ACE6332855}.Release|Any CPU.Build.0 = Release|Any CPU
	EndGlobalSection
	GlobalSection(SolutionProperties) = preSolution
		HideSolutionNode = FALSE
	EndGlobalSection
	GlobalSection(ExtensibilityGlobals) = postSolution
		SolutionGuid = {88541C0A-96F1-46E5-B51B-4F14C53B2DFC}
	EndGlobalSection
EndGlobal
