{
  "name": "creacionpaquete-santi",
  "version": "1.0.0",
  "lockfileVersion": 3,
  "requires": true,
  "packages": {
    "": {
      "name": "creacionpaquete-santi",
      "version": "1.0.0",
      "license": "MIT",
      "bin": {
        "CreacionPaquete-santi": "bin/global.js"
      }
    }
  }
}
