
Microsoft Visual Studio Solution File, Format Version 12.00
# Visual Studio Version 17
VisualStudioVersion = 17.8.34525.116
MinimumVisualStudioVersion = 10.0.40219.1
Project("{FAE04EC0-301F-11D3-BF4B-00C04F79EFBC}") = "ObjetosSuperHeroesComplejo", "ObjetosSuperHeroesComplejo\ObjetosSuperHeroesComplejo.csproj", "{DBF09A03-E2AA-4E2B-AD33-77A9BA7F0BEA}"
EndProject
Global
	GlobalSection(SolutionConfigurationPlatforms) = preSolution
		Debug|Any CPU = Debug|Any CPU
		Release|Any CPU = Release|Any CPU
	EndGlobalSection
	GlobalSection(ProjectConfigurationPlatforms) = postSolution
		{DBF09A03-E2AA-4E2B-AD33-77A9BA7F0BEA}.Debug|Any CPU.ActiveCfg = Debug|Any CPU
		{DBF09A03-E2AA-4E2B-AD33-77A9BA7F0BEA}.Debug|Any CPU.Build.0 = Debug|Any CPU
		{DBF09A03-E2AA-4E2B-AD33-77A9BA7F0BEA}.Release|Any CPU.ActiveCfg = Release|Any CPU
		{DBF09A03-E2AA-4E2B-AD33-77A9BA7F0BEA}.Release|Any CPU.Build.0 = Release|Any CPU
	EndGlobalSection
	GlobalSection(SolutionProperties) = preSolution
		HideSolutionNode = FALSE
	EndGlobalSection
	GlobalSection(ExtensibilityGlobals) = postSolution
		SolutionGuid = {568DB425-CDD9-4960-81B8-47141FEADCF2}
	EndGlobalSection
EndGlobal
